PODS:
  - Flutter (1.0.0)
  - flutter_app_update (0.0.1):
    - Flutter
  - flutter_js (0.1.0):
    - Flutter
  - irondash_engine_context (0.0.1):
    - Flutter
  - super_native_extensions (0.0.1):
    - Flutter

DEPENDENCIES:
  - Flutter (from `Flutter`)
  - flutter_app_update (from `.symlinks/plugins/flutter_app_update/ios`)
  - flutter_js (from `.symlinks/plugins/flutter_js/ios`)
  - irondash_engine_context (from `.symlinks/plugins/irondash_engine_context/ios`)
  - super_native_extensions (from `.symlinks/plugins/super_native_extensions/ios`)

EXTERNAL SOURCES:
  Flutter:
    :path: Flutter
  flutter_app_update:
    :path: ".symlinks/plugins/flutter_app_update/ios"
  flutter_js:
    :path: ".symlinks/plugins/flutter_js/ios"
  irondash_engine_context:
    :path: ".symlinks/plugins/irondash_engine_context/ios"
  super_native_extensions:
    :path: ".symlinks/plugins/super_native_extensions/ios"

SPEC CHECKSUMS:
  Flutter: 71a624a5bc0c04062bf19101d501e466baf2fb47
  flutter_app_update: 816fdb2e30e4832a7c45e3f108d391c42ef040a9
  flutter_js: 867813c1830e1d9b2c5d547cdb6f61801e2f2145
  irondash_engine_context: 8e58ca8e0212ee9d1c7dc6a42121849986c88486
  super_native_extensions: b763c02dc3a8fd078389f410bf15149179020cb4

PODFILE CHECKSUM: 5a69fc69fbb90ed6e2e7d2a1e6a784a4e2c3f721

COCOAPODS: 1.17.0
